Microsoft Visual Studio Solution File, Format Version 12.00
# Visual Studio Version 17
VisualStudioVersion = 17.9.34417.21
MinimumVisualStudioVersion = 10.0.40219.1
Project("{9A19103F-16F7-4668-BE54-9A1E7A4F7556}") = "AsPirate.AppHost", "AsPirate.AppHost\AsPirate.AppHost.csproj", "{5AF5216F-4F9E-4439-ADCD-476E92374C8C}"
EndProject
Project("{9A19103F-16F7-4668-BE54-9A1E7A4F7556}") = "AsPirate.Bff", "AsPirate.Bff\AsPirate.Bff.csproj", "{94BA356D-2B9D-45C3-9481-847E35B38318}"
EndProject
Project("{9A19103F-16F7-4668-BE54-9A1E7A4F7556}") = "AsPirate.ShipsManager", "AsPirate.ShipsManager\AsPirate.ShipsManager.csproj", "{6400A142-04DE-4F03-A96F-5370D6C965A1}"
EndProject
Project("{9A19103F-16F7-4668-BE54-9A1E7A4F7556}") = "AsPirate.PathFinderApi", "AsPirate.PathFinderApi\AsPirate.PathFinderApi.csproj", "{CDE65E4C-973C-4C61-8CFD-589D9AFDDFD0}"
EndProject
Project("{9A19103F-16F7-4668-BE54-9A1E7A4F7556}") = "AsPirate.ShipTransmitter", "AsPirate.ShipTransmitter\AsPirate.ShipTransmitter.csproj", "{37AC7C01-D88B-49A8-832C-C61497822446}"
EndProject
Global
	GlobalSection(SolutionConfigurationPlatforms) = preSolution
		Debug|Any CPU = Debug|Any CPU
		Release|Any CPU = Release|Any CPU
	EndGlobalSection
	GlobalSection(ProjectConfigurationPlatforms) = postSolution
		{5AF5216F-4F9E-4439-ADCD-476E92374C8C}.Debug|Any CPU.ActiveCfg = Debug|Any CPU
		{5AF5216F-4F9E-4439-ADCD-476E92374C8C}.Debug|Any CPU.Build.0 = Debug|Any CPU
		{5AF5216F-4F9E-4439-ADCD-476E92374C8C}.Release|Any CPU.ActiveCfg = Release|Any CPU
		{5AF5216F-4F9E-4439-ADCD-476E92374C8C}.Release|Any CPU.Build.0 = Release|Any CPU
		{94BA356D-2B9D-45C3-9481-847E35B38318}.Debug|Any CPU.ActiveCfg = Debug|Any CPU
		{94BA356D-2B9D-45C3-9481-847E35B38318}.Debug|Any CPU.Build.0 = Debug|Any CPU
		{94BA356D-2B9D-45C3-9481-847E35B38318}.Release|Any CPU.ActiveCfg = Release|Any CPU
		{94BA356D-2B9D-45C3-9481-847E35B38318}.Release|Any CPU.Build.0 = Release|Any CPU
		{6400A142-04DE-4F03-A96F-5370D6C965A1}.Debug|Any CPU.ActiveCfg = Debug|Any CPU
		{6400A142-04DE-4F03-A96F-5370D6C965A1}.Debug|Any CPU.Build.0 = Debug|Any CPU
		{6400A142-04DE-4F03-A96F-5370D6C965A1}.Release|Any CPU.ActiveCfg = Release|Any CPU
		{6400A142-04DE-4F03-A96F-5370D6C965A1}.Release|Any CPU.Build.0 = Release|Any CPU
		{CDE65E4C-973C-4C61-8CFD-589D9AFDDFD0}.Debug|Any CPU.ActiveCfg = Debug|Any CPU
		{CDE65E4C-973C-4C61-8CFD-589D9AFDDFD0}.Debug|Any CPU.Build.0 = Debug|Any CPU
		{CDE65E4C-973C-4C61-8CFD-589D9AFDDFD0}.Release|Any CPU.ActiveCfg = Release|Any CPU
		{CDE65E4C-973C-4C61-8CFD-589D9AFDDFD0}.Release|Any CPU.Build.0 = Release|Any CPU
		{37AC7C01-D88B-49A8-832C-C61497822446}.Debug|Any CPU.ActiveCfg = Debug|Any CPU
		{37AC7C01-D88B-49A8-832C-C61497822446}.Debug|Any CPU.Build.0 = Debug|Any CPU
		{37AC7C01-D88B-49A8-832C-C61497822446}.Release|Any CPU.ActiveCfg = Release|Any CPU
		{37AC7C01-D88B-49A8-832C-C61497822446}.Release|Any CPU.Build.0 = Release|Any CPU
	EndGlobalSection
	GlobalSection(SolutionProperties) = preSolution
		HideSolutionNode = FALSE
	EndGlobalSection
	GlobalSection(ExtensibilityGlobals) = postSolution
		SolutionGuid = {9A7AC130-33BE-4B5B-99AF-D4A049A38C88}
	EndGlobalSection
EndGlobal
